
Microsoft Visual Studio Solution File, Format Version 12.00
# Visual Studio Version 17
VisualStudioVersion = 17.4.33110.190
MinimumVisualStudioVersion = 10.0.40219.1
Project("{9A19103F-16F7-4668-BE54-9A1E7A4F7556}") = "ConsoleApp3", "ConsoleApp3\ConsoleApp3.csproj", "{553BA0C2-63C8-4B92-8B04-B31EE2AC70D3}"
EndProject
Project("{FAE04EC0-301F-11D3-BF4B-00C04F79EFBC}") = "ConsoleApp3UnitTests", "ConsoleApp3UnitTests\ConsoleApp3UnitTests.csproj", "{D38A687C-235B-40BD-A865-C940CF5A951A}"
EndProject
Global
	GlobalSection(SolutionConfigurationPlatforms) = preSolution
		Debug|Any CPU = Debug|Any CPU
		Release|Any CPU = Release|Any CPU
	EndGlobalSection
	GlobalSection(ProjectConfigurationPlatforms) = postSolution
		{553BA0C2-63C8-4B92-8B04-B31EE2AC70D3}.Debug|Any CPU.ActiveCfg = Debug|Any CPU
		{553BA0C2-63C8-4B92-8B04-B31EE2AC70D3}.Debug|Any CPU.Build.0 = Debug|Any CPU
		{553BA0C2-63C8-4B92-8B04-B31EE2AC70D3}.Release|Any CPU.ActiveCfg = Release|Any CPU
		{553BA0C2-63C8-4B92-8B04-B31EE2AC70D3}.Release|Any CPU.Build.0 = Release|Any CPU
		{D38A687C-235B-40BD-A865-C940CF5A951A}.Debug|Any CPU.ActiveCfg = Debug|Any CPU
		{D38A687C-235B-40BD-A865-C940CF5A951A}.Debug|Any CPU.Build.0 = Debug|Any CPU
		{D38A687C-235B-40BD-A865-C940CF5A951A}.Release|Any CPU.ActiveCfg = Release|Any CPU
		{D38A687C-235B-40BD-A865-C940CF5A951A}.Release|Any CPU.Build.0 = Release|Any CPU
	EndGlobalSection
	GlobalSection(SolutionProperties) = preSolution
		HideSolutionNode = FALSE
	EndGlobalSection
	GlobalSection(ExtensibilityGlobals) = postSolution
		SolutionGuid = {0E19D093-1292-4089-98F4-E38530CD88A3}
	EndGlobalSection
EndGlobal
